// !$*UTF8*$!
{
	archiveVersion = 1;
	classes = {
	};
	objectVersion = 56;
	objects = {

/* Begin PBXBuildFile section */
		981242D529FC32C200D1B795 /* RateAnimeView.swift in Sources */ = {isa = PBXBuildFile; fileRef = 981242D429FC32C200D1B795 /* RateAnimeView.swift */; };
		982B6ADF29F63B42004FD9CF /* LaunchScreenHelpView.swift in Sources */ = {isa = PBXBuildFile; fileRef = 982B6ADE29F63B42004FD9CF /* LaunchScreenHelpView.swift */; };
		98444F5929FB53AF001E6B67 /* MangaView.swift in Sources */ = {isa = PBXBuildFile; fileRef = 98444F5829FB53AF001E6B67 /* MangaView.swift */; };
		98444F5B29FB618F001E6B67 /* MediaRow.swift in Sources */ = {isa = PBXBuildFile; fileRef = 98444F5A29FB618F001E6B67 /* MediaRow.swift */; };
		9858298129F8BAD4008B0D2B /* Lovelo Black.otf in Resources */ = {isa = PBXBuildFile; fileRef = 9858297E29F8BAD4008B0D2B /* Lovelo Black.otf */; };
		9858298729F9A127008B0D2B /* CustomFont.swift in Sources */ = {isa = PBXBuildFile; fileRef = 9858298629F9A127008B0D2B /* CustomFont.swift */; };
		9858298929F9FD51008B0D2B /* Manga.swift in Sources */ = {isa = PBXBuildFile; fileRef = 9858298829F9FD51008B0D2B /* Manga.swift */; };
		9858298B29F9FE46008B0D2B /* Media.swift in Sources */ = {isa = PBXBuildFile; fileRef = 9858298A29F9FE46008B0D2B /* Media.swift */; };
		9858298D29FA04E7008B0D2B /* MangaSearchView.swift in Sources */ = {isa = PBXBuildFile; fileRef = 9858298C29FA04E7008B0D2B /* MangaSearchView.swift */; };
		9858298F29FA2D2E008B0D2B /* MediaViewModel.swift in Sources */ = {isa = PBXBuildFile; fileRef = 9858298E29FA2D2E008B0D2B /* MediaViewModel.swift */; };
		9858299529FB024A008B0D2B /* LoadProfile.swift in Sources */ = {isa = PBXBuildFile; fileRef = 9858299429FB024A008B0D2B /* LoadProfile.swift */; };
		98645F4C29F72104008C8AAF /* Profile.swift in Sources */ = {isa = PBXBuildFile; fileRef = 98645F4B29F72104008C8AAF /* Profile.swift */; };
		98645F4E29F73107008C8AAF /* ProfileViewModel.swift in Sources */ = {isa = PBXBuildFile; fileRef = 98645F4D29F73107008C8AAF /* ProfileViewModel.swift */; };
		9884DCAF29F45AF1004E76A7 /* AnimeMangaStackApp.swift in Sources */ = {isa = PBXBuildFile; fileRef = 9884DCAE29F45AF1004E76A7 /* AnimeMangaStackApp.swift */; };
		9884DCB129F45AF1004E76A7 /* AnimeSearchView.swift in Sources */ = {isa = PBXBuildFile; fileRef = 9884DCB029F45AF1004E76A7 /* AnimeSearchView.swift */; };
		9884DCB329F45AF2004E76A7 /* Assets.xcassets in Resources */ = {isa = PBXBuildFile; fileRef = 9884DCB229F45AF2004E76A7 /* Assets.xcassets */; };
		9884DCB629F45AF2004E76A7 /* Preview Assets.xcassets in Resources */ = {isa = PBXBuildFile; fileRef = 9884DCB529F45AF2004E76A7 /* Preview Assets.xcassets */; };
		9884DCBD29F45B27004E76A7 /* APIViewModel.swift in Sources */ = {isa = PBXBuildFile; fileRef = 9884DCBC29F45B27004E76A7 /* APIViewModel.swift */; };
		9884DCBF29F45B34004E76A7 /* Anime.swift in Sources */ = {isa = PBXBuildFile; fileRef = 9884DCBE29F45B34004E76A7 /* Anime.swift */; };
		98A2910D29F5FEB600868F50 /* LoginView.swift in Sources */ = {isa = PBXBuildFile; fileRef = 98A2910C29F5FEB600868F50 /* LoginView.swift */; };
		98A2910F29F602AC00868F50 /* GoogleService-Info.plist in Resources */ = {isa = PBXBuildFile; fileRef = 98A2910E29F602AC00868F50 /* GoogleService-Info.plist */; };
		98D8887E29F4D0B500F8A63D /* ProfileView.swift in Sources */ = {isa = PBXBuildFile; fileRef = 98D8887D29F4D0B500F8A63D /* ProfileView.swift */; };
		98D8888129F5FA8300F8A63D /* FirebaseAuth in Frameworks */ = {isa = PBXBuildFile; productRef = 98D8888029F5FA8300F8A63D /* FirebaseAuth */; };
		98D8888329F5FA8300F8A63D /* FirebaseFirestore in Frameworks */ = {isa = PBXBuildFile; productRef = 98D8888229F5FA8300F8A63D /* FirebaseFirestore */; };
		98D8888529F5FA8300F8A63D /* FirebaseFirestoreSwift in Frameworks */ = {isa = PBXBuildFile; productRef = 98D8888429F5FA8300F8A63D /* FirebaseFirestoreSwift */; };
		98D8888729F5FA8300F8A63D /* FirebaseStorage in Frameworks */ = {isa = PBXBuildFile; productRef = 98D8888629F5FA8300F8A63D /* FirebaseStorage */; };
		98F923E129FB874B002CFFC9 /* YoutubeVideoView.swift in Sources */ = {isa = PBXBuildFile; fileRef = 98F923E029FB874B002CFFC9 /* YoutubeVideoView.swift */; };
		98F923E529FB88AC002CFFC9 /* AnimeView.swift in Sources */ = {isa = PBXBuildFile; fileRef = 98F923E429FB88AC002CFFC9 /* AnimeView.swift */; };
		98F923E729FBA357002CFFC9 /* RateButton.swift in Sources */ = {isa = PBXBuildFile; fileRef = 98F923E629FBA357002CFFC9 /* RateButton.swift */; };
		98F923E929FBA969002CFFC9 /* RateOptions.swift in Sources */ = {isa = PBXBuildFile; fileRef = 98F923E829FBA969002CFFC9 /* RateOptions.swift */; };
		98F923EB29FBAB9F002CFFC9 /* RateMangaView.swift in Sources */ = {isa = PBXBuildFile; fileRef = 98F923EA29FBAB9F002CFFC9 /* RateMangaView.swift */; };
		98F923ED29FBADD6002CFFC9 /* ValuePicker.swift in Sources */ = {isa = PBXBuildFile; fileRef = 98F923EC29FBADD6002CFFC9 /* ValuePicker.swift */; };
/* End PBXBuildFile section */

/* Begin PBXFileReference section */
		981242D429FC32C200D1B795 /* RateAnimeView.swift */ = {isa = PBXFileReference; lastKnownFileType = sourcecode.swift; path = RateAnimeView.swift; sourceTree = "<group>"; };
		982B6ADE29F63B42004FD9CF /* LaunchScreenHelpView.swift */ = {isa = PBXFileReference; lastKnownFileType = sourcecode.swift; path = LaunchScreenHelpView.swift; sourceTree = "<group>"; };
		98444F5829FB53AF001E6B67 /* MangaView.swift */ = {isa = PBXFileReference; lastKnownFileType = sourcecode.swift; path = MangaView.swift; sourceTree = "<group>"; };
		98444F5A29FB618F001E6B67 /* MediaRow.swift */ = {isa = PBXFileReference; lastKnownFileType = sourcecode.swift; path = MediaRow.swift; sourceTree = "<group>"; };
		9858297E29F8BAD4008B0D2B /* Lovelo Black.otf */ = {isa = PBXFileReference; lastKnownFileType = file; path = "Lovelo Black.otf"; sourceTree = "<group>"; };
		9858298629F9A127008B0D2B /* CustomFont.swift */ = {isa = PBXFileReference; lastKnownFileType = sourcecode.swift; path = CustomFont.swift; sourceTree = "<group>"; };
		9858298829F9FD51008B0D2B /* Manga.swift */ = {isa = PBXFileReference; lastKnownFileType = sourcecode.swift; path = Manga.swift; sourceTree = "<group>"; };
		9858298A29F9FE46008B0D2B /* Media.swift */ = {isa = PBXFileReference; lastKnownFileType = sourcecode.swift; path = Media.swift; sourceTree = "<group>"; };
		9858298C29FA04E7008B0D2B /* MangaSearchView.swift */ = {isa = PBXFileReference; lastKnownFileType = sourcecode.swift; path = MangaSearchView.swift; sourceTree = "<group>"; };
		9858298E29FA2D2E008B0D2B /* MediaViewModel.swift */ = {isa = PBXFileReference; lastKnownFileType = sourcecode.swift; path = MediaViewModel.swift; sourceTree = "<group>"; };
		9858299429FB024A008B0D2B /* LoadProfile.swift */ = {isa = PBXFileReference; lastKnownFileType = sourcecode.swift; path = LoadProfile.swift; sourceTree = "<group>"; };
		98645F4B29F72104008C8AAF /* Profile.swift */ = {isa = PBXFileReference; lastKnownFileType = sourcecode.swift; path = Profile.swift; sourceTree = "<group>"; };
		98645F4D29F73107008C8AAF /* ProfileViewModel.swift */ = {isa = PBXFileReference; lastKnownFileType = sourcecode.swift; path = ProfileViewModel.swift; sourceTree = "<group>"; };
		9884DCAB29F45AF1004E76A7 /* AnimeMangaStack.app */ = {isa = PBXFileReference; explicitFileType = wrapper.application; includeInIndex = 0; path = AnimeMangaStack.app; sourceTree = BUILT_PRODUCTS_DIR; };
		9884DCAE29F45AF1004E76A7 /* AnimeMangaStackApp.swift */ = {isa = PBXFileReference; lastKnownFileType = sourcecode.swift; path = AnimeMangaStackApp.swift; sourceTree = "<group>"; };
		9884DCB029F45AF1004E76A7 /* AnimeSearchView.swift */ = {isa = PBXFileReference; lastKnownFileType = sourcecode.swift; path = AnimeSearchView.swift; sourceTree = "<group>"; };
		9884DCB229F45AF2004E76A7 /* Assets.xcassets */ = {isa = PBXFileReference; lastKnownFileType = folder.assetcatalog; path = Assets.xcassets; sourceTree = "<group>"; };
		9884DCB529F45AF2004E76A7 /* Preview Assets.xcassets */ = {isa = PBXFileReference; lastKnownFileType = folder.assetcatalog; path = "Preview Assets.xcassets"; sourceTree = "<group>"; };
		9884DCBC29F45B27004E76A7 /* APIViewModel.swift */ = {isa = PBXFileReference; lastKnownFileType = sourcecode.swift; path = APIViewModel.swift; sourceTree = "<group>"; };
		9884DCBE29F45B34004E76A7 /* Anime.swift */ = {isa = PBXFileReference; lastKnownFileType = sourcecode.swift; path = Anime.swift; sourceTree = "<group>"; };
		98A2910C29F5FEB600868F50 /* LoginView.swift */ = {isa = PBXFileReference; lastKnownFileType = sourcecode.swift; path = LoginView.swift; sourceTree = "<group>"; };
		98A2910E29F602AC00868F50 /* GoogleService-Info.plist */ = {isa = PBXFileReference; fileEncoding = 4; lastKnownFileType = text.plist.xml; path = "GoogleService-Info.plist"; sourceTree = "<group>"; };
		98A2911029F615D900868F50 /* Info.plist */ = {isa = PBXFileReference; lastKnownFileType = text.plist; path = Info.plist; sourceTree = "<group>"; };
		98D8887D29F4D0B500F8A63D /* ProfileView.swift */ = {isa = PBXFileReference; lastKnownFileType = sourcecode.swift; path = ProfileView.swift; sourceTree = "<group>"; };
		98F923E029FB874B002CFFC9 /* YoutubeVideoView.swift */ = {isa = PBXFileReference; lastKnownFileType = sourcecode.swift; path = YoutubeVideoView.swift; sourceTree = "<group>"; };
		98F923E429FB88AC002CFFC9 /* AnimeView.swift */ = {isa = PBXFileReference; lastKnownFileType = sourcecode.swift; path = AnimeView.swift; sourceTree = "<group>"; };
		98F923E629FBA357002CFFC9 /* RateButton.swift */ = {isa = PBXFileReference; lastKnownFileType = sourcecode.swift; path = RateButton.swift; sourceTree = "<group>"; };
		98F923E829FBA969002CFFC9 /* RateOptions.swift */ = {isa = PBXFileReference; lastKnownFileType = sourcecode.swift; path = RateOptions.swift; sourceTree = "<group>"; };
		98F923EA29FBAB9F002CFFC9 /* RateMangaView.swift */ = {isa = PBXFileReference; lastKnownFileType = sourcecode.swift; path = RateMangaView.swift; sourceTree = "<group>"; };
		98F923EC29FBADD6002CFFC9 /* ValuePicker.swift */ = {isa = PBXFileReference; lastKnownFileType = sourcecode.swift; path = ValuePicker.swift; sourceTree = "<group>"; };
/* End PBXFileReference section */

/* Begin PBXFrameworksBuildPhase section */
		9884DCA829F45AF1004E76A7 /* Frameworks */ = {
			isa = PBXFrameworksBuildPhase;
			buildActionMask = 2147483647;
			files = (
				98D8888129F5FA8300F8A63D /* FirebaseAuth in Frameworks */,
				98D8888329F5FA8300F8A63D /* FirebaseFirestore in Frameworks */,
				98D8888729F5FA8300F8A63D /* FirebaseStorage in Frameworks */,
				98D8888529F5FA8300F8A63D /* FirebaseFirestoreSwift in Frameworks */,
			);
			runOnlyForDeploymentPostprocessing = 0;
		};
/* End PBXFrameworksBuildPhase section */

/* Begin PBXGroup section */
		9858298429F8BADF008B0D2B /* Fonts */ = {
			isa = PBXGroup;
			children = (
				9858297E29F8BAD4008B0D2B /* Lovelo Black.otf */,
			);
			path = Fonts;
			sourceTree = "<group>";
		};
		9884DCA229F45AF1004E76A7 = {
			isa = PBXGroup;
			children = (
				9884DCAD29F45AF1004E76A7 /* AnimeMangaStack */,
				9884DCAC29F45AF1004E76A7 /* Products */,
			);
			sourceTree = "<group>";
		};
		9884DCAC29F45AF1004E76A7 /* Products */ = {
			isa = PBXGroup;
			children = (
				9884DCAB29F45AF1004E76A7 /* AnimeMangaStack.app */,
			);
			name = Products;
			sourceTree = "<group>";
		};
		9884DCAD29F45AF1004E76A7 /* AnimeMangaStack */ = {
			isa = PBXGroup;
			children = (
				98A2911029F615D900868F50 /* Info.plist */,
				9884DCAE29F45AF1004E76A7 /* AnimeMangaStackApp.swift */,
				98F923EF29FBB05A002CFFC9 /* Helpers */,
				9858298429F8BADF008B0D2B /* Fonts */,
				98A2910929F5FE7100868F50 /* Views */,
				98A2910A29F5FE7B00868F50 /* ViewModels */,
				98A2910B29F5FE8A00868F50 /* Models */,
				9884DCB229F45AF2004E76A7 /* Assets.xcassets */,
				98A2910E29F602AC00868F50 /* GoogleService-Info.plist */,
				9884DCB429F45AF2004E76A7 /* Preview Content */,
			);
			path = AnimeMangaStack;
			sourceTree = "<group>";
		};
		9884DCB429F45AF2004E76A7 /* Preview Content */ = {
			isa = PBXGroup;
			children = (
				9884DCB529F45AF2004E76A7 /* Preview Assets.xcassets */,
			);
			path = "Preview Content";
			sourceTree = "<group>";
		};
		98A2910929F5FE7100868F50 /* Views */ = {
			isa = PBXGroup;
			children = (
				9884DCB029F45AF1004E76A7 /* AnimeSearchView.swift */,
				98D8887D29F4D0B500F8A63D /* ProfileView.swift */,
				98A2910C29F5FEB600868F50 /* LoginView.swift */,
				982B6ADE29F63B42004FD9CF /* LaunchScreenHelpView.swift */,
				9858298C29FA04E7008B0D2B /* MangaSearchView.swift */,
				98444F5829FB53AF001E6B67 /* MangaView.swift */,
				98F923E029FB874B002CFFC9 /* YoutubeVideoView.swift */,
				98F923E429FB88AC002CFFC9 /* AnimeView.swift */,
				98F923EA29FBAB9F002CFFC9 /* RateMangaView.swift */,
				981242D429FC32C200D1B795 /* RateAnimeView.swift */,
			);
			path = Views;
			sourceTree = "<group>";
		};
		98A2910A29F5FE7B00868F50 /* ViewModels */ = {
			isa = PBXGroup;
			children = (
				9884DCBC29F45B27004E76A7 /* APIViewModel.swift */,
				98645F4D29F73107008C8AAF /* ProfileViewModel.swift */,
				9858298E29FA2D2E008B0D2B /* MediaViewModel.swift */,
			);
			path = ViewModels;
			sourceTree = "<group>";
		};
		98A2910B29F5FE8A00868F50 /* Models */ = {
			isa = PBXGroup;
			children = (
				9884DCBE29F45B34004E76A7 /* Anime.swift */,
				98645F4B29F72104008C8AAF /* Profile.swift */,
				9858298829F9FD51008B0D2B /* Manga.swift */,
				9858298A29F9FE46008B0D2B /* Media.swift */,
			);
			path = Models;
			sourceTree = "<group>";
		};
		98F923EF29FBB05A002CFFC9 /* Helpers */ = {
			isa = PBXGroup;
			children = (
				9858298629F9A127008B0D2B /* CustomFont.swift */,
				9858299429FB024A008B0D2B /* LoadProfile.swift */,
				98444F5A29FB618F001E6B67 /* MediaRow.swift */,
				98F923E629FBA357002CFFC9 /* RateButton.swift */,
				98F923E829FBA969002CFFC9 /* RateOptions.swift */,
				98F923EC29FBADD6002CFFC9 /* ValuePicker.swift */,
			);
			path = Helpers;
			sourceTree = "<group>";
		};
/* End PBXGroup section */

/* Begin PBXNativeTarget section */
		9884DCAA29F45AF1004E76A7 /* AnimeMangaStack */ = {
			isa = PBXNativeTarget;
			buildConfigurationList = 9884DCB929F45AF2004E76A7 /* Build configuration list for PBXNativeTarget "AnimeMangaStack" */;
			buildPhases = (
				9884DCA729F45AF1004E76A7 /* Sources */,
				9884DCA829F45AF1004E76A7 /* Frameworks */,
				9884DCA929F45AF1004E76A7 /* Resources */,
			);
			buildRules = (
			);
			dependencies = (
			);
			name = AnimeMangaStack;
			packageProductDependencies = (
				98D8888029F5FA8300F8A63D /* FirebaseAuth */,
				98D8888229F5FA8300F8A63D /* FirebaseFirestore */,
				98D8888429F5FA8300F8A63D /* FirebaseFirestoreSwift */,
				98D8888629F5FA8300F8A63D /* FirebaseStorage */,
			);
			productName = AnimeMangaStack;
			productReference = 9884DCAB29F45AF1004E76A7 /* AnimeMangaStack.app */;
			productType = "com.apple.product-type.application";
		};
/* End PBXNativeTarget section */

/* Begin PBXProject section */
		9884DCA329F45AF1004E76A7 /* Project object */ = {
			isa = PBXProject;
			attributes = {
				BuildIndependentTargetsInParallel = 1;
				LastSwiftUpdateCheck = 1410;
				LastUpgradeCheck = 1410;
				TargetAttributes = {
					9884DCAA29F45AF1004E76A7 = {
						CreatedOnToolsVersion = 14.1;
					};
				};
			};
			buildConfigurationList = 9884DCA629F45AF1004E76A7 /* Build configuration list for PBXProject "AnimeMangaStack" */;
			compatibilityVersion = "Xcode 14.0";
			developmentRegion = en;
			hasScannedForEncodings = 0;
			knownRegions = (
				en,
				Base,
			);
			mainGroup = 9884DCA229F45AF1004E76A7;
			packageReferences = (
				98D8887F29F5FA8300F8A63D /* XCRemoteSwiftPackageReference "firebase-ios-sdk" */,
			);
			productRefGroup = 9884DCAC29F45AF1004E76A7 /* Products */;
			projectDirPath = "";
			projectRoot = "";
			targets = (
				9884DCAA29F45AF1004E76A7 /* AnimeMangaStack */,
			);
		};
/* End PBXProject section */

/* Begin PBXResourcesBuildPhase section */
		9884DCA929F45AF1004E76A7 /* Resources */ = {
			isa = PBXResourcesBuildPhase;
			buildActionMask = 2147483647;
			files = (
				9884DCB629F45AF2004E76A7 /* Preview Assets.xcassets in Resources */,
				9858298129F8BAD4008B0D2B /* Lovelo Black.otf in Resources */,
				9884DCB329F45AF2004E76A7 /* Assets.xcassets in Resources */,
				98A2910F29F602AC00868F50 /* GoogleService-Info.plist in Resources */,
			);
			runOnlyForDeploymentPostprocessing = 0;
		};
/* End PBXResourcesBuildPhase section */

/* Begin PBXSourcesBuildPhase section */
		9884DCA729F45AF1004E76A7 /* Sources */ = {
			isa = PBXSourcesBuildPhase;
			buildActionMask = 2147483647;
			files = (
				98A2910D29F5FEB600868F50 /* LoginView.swift in Sources */,
				9858299529FB024A008B0D2B /* LoadProfile.swift in Sources */,
				98645F4C29F72104008C8AAF /* Profile.swift in Sources */,
				9858298B29F9FE46008B0D2B /* Media.swift in Sources */,
				98444F5B29FB618F001E6B67 /* MediaRow.swift in Sources */,
				9858298F29FA2D2E008B0D2B /* MediaViewModel.swift in Sources */,
				981242D529FC32C200D1B795 /* RateAnimeView.swift in Sources */,
				9884DCBF29F45B34004E76A7 /* Anime.swift in Sources */,
				9858298929F9FD51008B0D2B /* Manga.swift in Sources */,
				98F923E529FB88AC002CFFC9 /* AnimeView.swift in Sources */,
				98645F4E29F73107008C8AAF /* ProfileViewModel.swift in Sources */,
				9884DCBD29F45B27004E76A7 /* APIViewModel.swift in Sources */,
				98F923ED29FBADD6002CFFC9 /* ValuePicker.swift in Sources */,
				98444F5929FB53AF001E6B67 /* MangaView.swift in Sources */,
				9858298729F9A127008B0D2B /* CustomFont.swift in Sources */,
				982B6ADF29F63B42004FD9CF /* LaunchScreenHelpView.swift in Sources */,
				98D8887E29F4D0B500F8A63D /* ProfileView.swift in Sources */,
				98F923E729FBA357002CFFC9 /* RateButton.swift in Sources */,
				98F923EB29FBAB9F002CFFC9 /* RateMangaView.swift in Sources */,
				9858298D29FA04E7008B0D2B /* MangaSearchView.swift in Sources */,
				9884DCB129F45AF1004E76A7 /* AnimeSearchView.swift in Sources */,
				98F923E929FBA969002CFFC9 /* RateOptions.swift in Sources */,
				98F923E129FB874B002CFFC9 /* YoutubeVideoView.swift in Sources */,
				9884DCAF29F45AF1004E76A7 /* AnimeMangaStackApp.swift in Sources */,
			);
			runOnlyForDeploymentPostprocessing = 0;
		};
/* End PBXSourcesBuildPhase section */

/* Begin XCBuildConfiguration section */
		9884DCB729F45AF2004E76A7 /* Debug */ = {
			isa = XCBuildConfiguration;
			buildSettings = {
				ALWAYS_SEARCH_USER_PATHS = NO;
				CLANG_ANALYZER_NONNULL = YES;
				CLANG_ANALYZER_NUMBER_OBJECT_CONVERSION = YES_AGGRESSIVE;
				CLANG_CXX_LANGUAGE_STANDARD = "gnu++20";
				CLANG_ENABLE_MODULES = YES;
				CLANG_ENABLE_OBJC_ARC = YES;
				CLANG_ENABLE_OBJC_WEAK = YES;
				CLANG_WARN_BLOCK_CAPTURE_AUTORELEASING = YES;
				CLANG_WARN_BOOL_CONVERSION = YES;
				CLANG_WARN_COMMA = YES;
				CLANG_WARN_CONSTANT_CONVERSION = YES;
				CLANG_WARN_DEPRECATED_OBJC_IMPLEMENTATIONS = YES;
				CLANG_WARN_DIRECT_OBJC_ISA_USAGE = YES_ERROR;
				CLANG_WARN_DOCUMENTATION_COMMENTS = YES;
				CLANG_WARN_EMPTY_BODY = YES;
				CLANG_WARN_ENUM_CONVERSION = YES;
				CLANG_WARN_INFINITE_RECURSION = YES;
				CLANG_WARN_INT_CONVERSION = YES;
				CLANG_WARN_NON_LITERAL_NULL_CONVERSION = YES;
				CLANG_WARN_OBJC_IMPLICIT_RETAIN_SELF = YES;
				CLANG_WARN_OBJC_LITERAL_CONVERSION = YES;
				CLANG_WARN_OBJC_ROOT_CLASS = YES_ERROR;
				CLANG_WARN_QUOTED_INCLUDE_IN_FRAMEWORK_HEADER = YES;
				CLANG_WARN_RANGE_LOOP_ANALYSIS = YES;
				CLANG_WARN_STRICT_PROTOTYPES = YES;
				CLANG_WARN_SUSPICIOUS_MOVE = YES;
				CLANG_WARN_UNGUARDED_AVAILABILITY = YES_AGGRESSIVE;
				CLANG_WARN_UNREACHABLE_CODE = YES;
				CLANG_WARN__DUPLICATE_METHOD_MATCH = YES;
				COPY_PHASE_STRIP = NO;
				DEBUG_INFORMATION_FORMAT = dwarf;
				ENABLE_STRICT_OBJC_MSGSEND = YES;
				ENABLE_TESTABILITY = YES;
				GCC_C_LANGUAGE_STANDARD = gnu11;
				GCC_DYNAMIC_NO_PIC = NO;
				GCC_NO_COMMON_BLOCKS = YES;
				GCC_OPTIMIZATION_LEVEL = 0;
				GCC_PREPROCESSOR_DEFINITIONS = (
					"DEBUG=1",
					"$(inherited)",
				);
				GCC_WARN_64_TO_32_BIT_CONVERSION = YES;
				GCC_WARN_ABOUT_RETURN_TYPE = YES_ERROR;
				GCC_WARN_UNDECLARED_SELECTOR = YES;
				GCC_WARN_UNINITIALIZED_AUTOS = YES_AGGRESSIVE;
				GCC_WARN_UNUSED_FUNCTION = YES;
				GCC_WARN_UNUSED_VARIABLE = YES;
				IPHONEOS_DEPLOYMENT_TARGET = 16.1;
				MTL_ENABLE_DEBUG_INFO = INCLUDE_SOURCE;
				MTL_FAST_MATH = YES;
				ONLY_ACTIVE_ARCH = YES;
				SDKROOT = iphoneos;
				SWIFT_ACTIVE_COMPILATION_CONDITIONS = DEBUG;
				SWIFT_OPTIMIZATION_LEVEL = "-Onone";
			};
			name = Debug;
		};
		9884DCB829F45AF2004E76A7 /* Release */ = {
			isa = XCBuildConfiguration;
			buildSettings = {
				ALWAYS_SEARCH_USER_PATHS = NO;
				CLANG_ANALYZER_NONNULL = YES;
				CLANG_ANALYZER_NUMBER_OBJECT_CONVERSION = YES_AGGRESSIVE;
				CLANG_CXX_LANGUAGE_STANDARD = "gnu++20";
				CLANG_ENABLE_MODULES = YES;
				CLANG_ENABLE_OBJC_ARC = YES;
				CLANG_ENABLE_OBJC_WEAK = YES;
				CLANG_WARN_BLOCK_CAPTURE_AUTORELEASING = YES;
				CLANG_WARN_BOOL_CONVERSION = YES;
				CLANG_WARN_COMMA = YES;
				CLANG_WARN_CONSTANT_CONVERSION = YES;
				CLANG_WARN_DEPRECATED_OBJC_IMPLEMENTATIONS = YES;
				CLANG_WARN_DIRECT_OBJC_ISA_USAGE = YES_ERROR;
				CLANG_WARN_DOCUMENTATION_COMMENTS = YES;
				CLANG_WARN_EMPTY_BODY = YES;
				CLANG_WARN_ENUM_CONVERSION = YES;
				CLANG_WARN_INFINITE_RECURSION = YES;
				CLANG_WARN_INT_CONVERSION = YES;
				CLANG_WARN_NON_LITERAL_NULL_CONVERSION = YES;
				CLANG_WARN_OBJC_IMPLICIT_RETAIN_SELF = YES;
				CLANG_WARN_OBJC_LITERAL_CONVERSION = YES;
				CLANG_WARN_OBJC_ROOT_CLASS = YES_ERROR;
				CLANG_WARN_QUOTED_INCLUDE_IN_FRAMEWORK_HEADER = YES;
				CLANG_WARN_RANGE_LOOP_ANALYSIS = YES;
				CLANG_WARN_STRICT_PROTOTYPES = YES;
				CLANG_WARN_SUSPICIOUS_MOVE = YES;
				CLANG_WARN_UNGUARDED_AVAILABILITY = YES_AGGRESSIVE;
				CLANG_WARN_UNREACHABLE_CODE = YES;
				CLANG_WARN__DUPLICATE_METHOD_MATCH = YES;
				COPY_PHASE_STRIP = NO;
				DEBUG_INFORMATION_FORMAT = "dwarf-with-dsym";
				ENABLE_NS_ASSERTIONS = NO;
				ENABLE_STRICT_OBJC_MSGSEND = YES;
				GCC_C_LANGUAGE_STANDARD = gnu11;
				GCC_NO_COMMON_BLOCKS = YES;
				GCC_WARN_64_TO_32_BIT_CONVERSION = YES;
				GCC_WARN_ABOUT_RETURN_TYPE = YES_ERROR;
				GCC_WARN_UNDECLARED_SELECTOR = YES;
				GCC_WARN_UNINITIALIZED_AUTOS = YES_AGGRESSIVE;
				GCC_WARN_UNUSED_FUNCTION = YES;
				GCC_WARN_UNUSED_VARIABLE = YES;
				IPHONEOS_DEPLOYMENT_TARGET = 16.1;
				MTL_ENABLE_DEBUG_INFO = NO;
				MTL_FAST_MATH = YES;
				SDKROOT = iphoneos;
				SWIFT_COMPILATION_MODE = wholemodule;
				SWIFT_OPTIMIZATION_LEVEL = "-O";
				VALIDATE_PRODUCT = YES;
			};
			name = Release;
		};
		9884DCBA29F45AF2004E76A7 /* Debug */ = {
			isa = XCBuildConfiguration;
			buildSettings = {
				ASSETCATALOG_COMPILER_APPICON_NAME = AppIcon;
				ASSETCATALOG_COMPILER_GLOBAL_ACCENT_COLOR_NAME = AccentColor;
				CODE_SIGN_STYLE = Automatic;
				CURRENT_PROJECT_VERSION = 1;
				DEVELOPMENT_ASSET_PATHS = "\"AnimeMangaStack/Preview Content\"";
				DEVELOPMENT_TEAM = 58DF73FN4T;
				ENABLE_PREVIEWS = YES;
				GENERATE_INFOPLIST_FILE = YES;
				INFOPLIST_FILE = AnimeMangaStack/Info.plist;
				INFOPLIST_KEY_CFBundleDisplayName = AMS;
				INFOPLIST_KEY_UIApplicationSceneManifest_Generation = YES;
				INFOPLIST_KEY_UIApplicationSupportsIndirectInputEvents = YES;
				INFOPLIST_KEY_UISupportedInterfaceOrientations_iPad = "UIInterfaceOrientationPortrait UIInterfaceOrientationPortraitUpsideDown UIInterfaceOrientationLandscapeLeft UIInterfaceOrientationLandscapeRight";
				INFOPLIST_KEY_UISupportedInterfaceOrientations_iPhone = "UIInterfaceOrientationPortrait UIInterfaceOrientationLandscapeLeft UIInterfaceOrientationLandscapeRight";
				LD_RUNPATH_SEARCH_PATHS = (
					"$(inherited)",
					"@executable_path/Frameworks",
				);
				MARKETING_VERSION = 1.0;
				PRODUCT_BUNDLE_IDENTIFIER = com.kaneis.AnimeMangaStack;
				PRODUCT_NAME = "$(TARGET_NAME)";
				SWIFT_EMIT_LOC_STRINGS = YES;
				SWIFT_VERSION = 5.0;
				TARGETED_DEVICE_FAMILY = "1,2";
			};
			name = Debug;
		};
		9884DCBB29F45AF2004E76A7 /* Release */ = {
			isa = XCBuildConfiguration;
			buildSettings = {
				ASSETCATALOG_COMPILER_APPICON_NAME = AppIcon;
				ASSETCATALOG_COMPILER_GLOBAL_ACCENT_COLOR_NAME = AccentColor;
				CODE_SIGN_STYLE = Automatic;
				CURRENT_PROJECT_VERSION = 1;
				DEVELOPMENT_ASSET_PATHS = "\"AnimeMangaStack/Preview Content\"";
				DEVELOPMENT_TEAM = 58DF73FN4T;
				ENABLE_PREVIEWS = YES;
				GENERATE_INFOPLIST_FILE = YES;
				INFOPLIST_FILE = AnimeMangaStack/Info.plist;
				INFOPLIST_KEY_CFBundleDisplayName = AMS;
				INFOPLIST_KEY_UIApplicationSceneManifest_Generation = YES;
				INFOPLIST_KEY_UIApplicationSupportsIndirectInputEvents = YES;
				INFOPLIST_KEY_UISupportedInterfaceOrientations_iPad = "UIInterfaceOrientationPortrait UIInterfaceOrientationPortraitUpsideDown UIInterfaceOrientationLandscapeLeft UIInterfaceOrientationLandscapeRight";
				INFOPLIST_KEY_UISupportedInterfaceOrientations_iPhone = "UIInterfaceOrientationPortrait UIInterfaceOrientationLandscapeLeft UIInterfaceOrientationLandscapeRight";
				LD_RUNPATH_SEARCH_PATHS = (
					"$(inherited)",
					"@executable_path/Frameworks",
				);
				MARKETING_VERSION = 1.0;
				PRODUCT_BUNDLE_IDENTIFIER = com.kaneis.AnimeMangaStack;
				PRODUCT_NAME = "$(TARGET_NAME)";
				SWIFT_EMIT_LOC_STRINGS = YES;
				SWIFT_VERSION = 5.0;
				TARGETED_DEVICE_FAMILY = "1,2";
			};
			name = Release;
		};
/* End XCBuildConfiguration section */

/* Begin XCConfigurationList section */
		9884DCA629F45AF1004E76A7 /* Build configuration list for PBXProject "AnimeMangaStack" */ = {
			isa = XCConfigurationList;
			buildConfigurations = (
				9884DCB729F45AF2004E76A7 /* Debug */,
				9884DCB829F45AF2004E76A7 /* Release */,
			);
			defaultConfigurationIsVisible = 0;
			defaultConfigurationName = Release;
		};
		9884DCB929F45AF2004E76A7 /* Build configuration list for PBXNativeTarget "AnimeMangaStack" */ = {
			isa = XCConfigurationList;
			buildConfigurations = (
				9884DCBA29F45AF2004E76A7 /* Debug */,
				9884DCBB29F45AF2004E76A7 /* Release */,
			);
			defaultConfigurationIsVisible = 0;
			defaultConfigurationName = Release;
		};
/* End XCConfigurationList section */

/* Begin XCRemoteSwiftPackageReference section */
		98D8887F29F5FA8300F8A63D /* XCRemoteSwiftPackageReference "firebase-ios-sdk" */ = {
			isa = XCRemoteSwiftPackageReference;
			repositoryURL = "https://github.com/firebase/firebase-ios-sdk.git";
			requirement = {
				kind = upToNextMajorVersion;
				minimumVersion = 9.0.0;
			};
		};
/* End XCRemoteSwiftPackageReference section */

/* Begin XCSwiftPackageProductDependency section */
		98D8888029F5FA8300F8A63D /* FirebaseAuth */ = {
			isa = XCSwiftPackageProductDependency;
			package = 98D8887F29F5FA8300F8A63D /* XCRemoteSwiftPackageReference "firebase-ios-sdk" */;
			productName = FirebaseAuth;
		};
		98D8888229F5FA8300F8A63D /* FirebaseFirestore */ = {
			isa = XCSwiftPackageProductDependency;
			package = 98D8887F29F5FA8300F8A63D /* XCRemoteSwiftPackageReference "firebase-ios-sdk" */;
			productName = FirebaseFirestore;
		};
		98D8888429F5FA8300F8A63D /* FirebaseFirestoreSwift */ = {
			isa = XCSwiftPackageProductDependency;
			package = 98D8887F29F5FA8300F8A63D /* XCRemoteSwiftPackageReference "firebase-ios-sdk" */;
			productName = FirebaseFirestoreSwift;
		};
		98D8888629F5FA8300F8A63D /* FirebaseStorage */ = {
			isa = XCSwiftPackageProductDependency;
			package = 98D8887F29F5FA8300F8A63D /* XCRemoteSwiftPackageReference "firebase-ios-sdk" */;
			productName = FirebaseStorage;
		};
/* End XCSwiftPackageProductDependency section */
	};
	rootObject = 9884DCA329F45AF1004E76A7 /* Project object */;
}
